// !$*UTF8*$!
{
	archiveVersion = 1;
	classes = {
	};
	objectVersion = 46;
	objects = {

/* Begin PBXBuildFile section */
		56B4CA7F1E58B2010070CDEE /* HomeViewController.swift in Sources */ = {isa = PBXBuildFile; fileRef = 56B4CA7E1E58B2010070CDEE /* HomeViewController.swift */; };
		56B4CA811E58CD380070CDEE /* CrosswalkViewController.swift in Sources */ = {isa = PBXBuildFile; fileRef = 56B4CA801E58CD380070CDEE /* CrosswalkViewController.swift */; };
		56B4CA831E58E7070070CDEE /* Extensions.swift in Sources */ = {isa = PBXBuildFile; fileRef = 56B4CA821E58E7070070CDEE /* Extensions.swift */; };
		56E08E381E5828B100A8925C /* AppDelegate.swift in Sources */ = {isa = PBXBuildFile; fileRef = 56E08E371E5828B100A8925C /* AppDelegate.swift */; };
		56E08E3D1E5828B100A8925C /* Main.storyboard in Resources */ = {isa = PBXBuildFile; fileRef = 56E08E3B1E5828B100A8925C /* Main.storyboard */; };
		56E08E3F1E5828B100A8925C /* Assets.xcassets in Resources */ = {isa = PBXBuildFile; fileRef = 56E08E3E1E5828B100A8925C /* Assets.xcassets */; };
		56E08E421E5828B100A8925C /* LaunchScreen.storyboard in Resources */ = {isa = PBXBuildFile; fileRef = 56E08E401E5828B100A8925C /* LaunchScreen.storyboard */; };
		8489DA8A6CEACEDCB869904C /* Pods_Street_Smartz.framework in Frameworks */ = {isa = PBXBuildFile; fileRef = CB7E4FEB5CBE3EAB3BCA9A37 /* Pods_Street_Smartz.framework */; };
/* End PBXBuildFile section */

/* Begin PBXFileReference section */
		56B4CA7E1E58B2010070CDEE /* HomeViewController.swift */ = {isa = PBXFileReference; fileEncoding = 4; lastKnownFileType = sourcecode.swift; path = HomeViewController.swift; sourceTree = "<group>"; };
		56B4CA801E58CD380070CDEE /* CrosswalkViewController.swift */ = {isa = PBXFileReference; fileEncoding = 4; lastKnownFileType = sourcecode.swift; path = CrosswalkViewController.swift; sourceTree = "<group>"; };
		56B4CA821E58E7070070CDEE /* Extensions.swift */ = {isa = PBXFileReference; fileEncoding = 4; lastKnownFileType = sourcecode.swift; path = Extensions.swift; sourceTree = "<group>"; };
		56E08E341E5828B100A8925C /* Street Smartz.app */ = {isa = PBXFileReference; explicitFileType = wrapper.application; includeInIndex = 0; path = "Street Smartz.app"; sourceTree = BUILT_PRODUCTS_DIR; };
		56E08E371E5828B100A8925C /* AppDelegate.swift */ = {isa = PBXFileReference; lastKnownFileType = sourcecode.swift; path = AppDelegate.swift; sourceTree = "<group>"; };
		56E08E3C1E5828B100A8925C /* Base */ = {isa = PBXFileReference; lastKnownFileType = file.storyboard; name = Base; path = Base.lproj/Main.storyboard; sourceTree = "<group>"; };
		56E08E3E1E5828B100A8925C /* Assets.xcassets */ = {isa = PBXFileReference; lastKnownFileType = folder.assetcatalog; path = Assets.xcassets; sourceTree = "<group>"; };
		56E08E411E5828B100A8925C /* Base */ = {isa = PBXFileReference; lastKnownFileType = file.storyboard; name = Base; path = Base.lproj/LaunchScreen.storyboard; sourceTree = "<group>"; };
		56E08E431E5828B100A8925C /* Info.plist */ = {isa = PBXFileReference; lastKnownFileType = text.plist.xml; path = Info.plist; sourceTree = "<group>"; };
		CB7E4FEB5CBE3EAB3BCA9A37 /* Pods_Street_Smartz.framework */ = {isa = PBXFileReference; explicitFileType = wrapper.framework; includeInIndex = 0; path = Pods_Street_Smartz.framework; sourceTree = BUILT_PRODUCTS_DIR; };
		CBA55FFEDA483055E8E85150 /* Pods-Street Smartz.debug.xcconfig */ = {isa = PBXFileReference; includeInIndex = 1; lastKnownFileType = text.xcconfig; name = "Pods-Street Smartz.debug.xcconfig"; path = "Pods/Target Support Files/Pods-Street Smartz/Pods-Street Smartz.debug.xcconfig"; sourceTree = "<group>"; };
		D609755336FEF13C095B2612 /* Pods-Street Smartz.release.xcconfig */ = {isa = PBXFileReference; includeInIndex = 1; lastKnownFileType = text.xcconfig; name = "Pods-Street Smartz.release.xcconfig"; path = "Pods/Target Support Files/Pods-Street Smartz/Pods-Street Smartz.release.xcconfig"; sourceTree = "<group>"; };
/* End PBXFileReference section */

/* Begin PBXFrameworksBuildPhase section */
		56E08E311E5828B000A8925C /* Frameworks */ = {
			isa = PBXFrameworksBuildPhase;
			buildActionMask = 2147483647;
			files = (
				8489DA8A6CEACEDCB869904C /* Pods_Street_Smartz.framework in Frameworks */,
			);
			runOnlyForDeploymentPostprocessing = 0;
		};
/* End PBXFrameworksBuildPhase section */

/* Begin PBXGroup section */
		56E08E2B1E5828B000A8925C = {
			isa = PBXGroup;
			children = (
				56E08E361E5828B100A8925C /* Street Smartz */,
				56E08E351E5828B100A8925C /* Products */,
				EFBA49C5DBD941889A194DAC /* Pods */,
				5E4C93D14D00C57DA9EAF847 /* Frameworks */,
			);
			sourceTree = "<group>";
		};
		56E08E351E5828B100A8925C /* Products */ = {
			isa = PBXGroup;
			children = (
				56E08E341E5828B100A8925C /* Street Smartz.app */,
			);
			name = Products;
			sourceTree = "<group>";
		};
		56E08E361E5828B100A8925C /* Street Smartz */ = {
			isa = PBXGroup;
			children = (
				56E08E371E5828B100A8925C /* AppDelegate.swift */,
				56E08E3B1E5828B100A8925C /* Main.storyboard */,
				56E08E3E1E5828B100A8925C /* Assets.xcassets */,
				56E08E401E5828B100A8925C /* LaunchScreen.storyboard */,
				56E08E431E5828B100A8925C /* Info.plist */,
				56B4CA7E1E58B2010070CDEE /* HomeViewController.swift */,
				56B4CA801E58CD380070CDEE /* CrosswalkViewController.swift */,
				56B4CA821E58E7070070CDEE /* Extensions.swift */,
			);
			path = "Street Smartz";
			sourceTree = "<group>";
		};
		5E4C93D14D00C57DA9EAF847 /* Frameworks */ = {
			isa = PBXGroup;
			children = (
				CB7E4FEB5CBE3EAB3BCA9A37 /* Pods_Street_Smartz.framework */,
			);
			name = Frameworks;
			sourceTree = "<group>";
		};
		EFBA49C5DBD941889A194DAC /* Pods */ = {
			isa = PBXGroup;
			children = (
				CBA55FFEDA483055E8E85150 /* Pods-Street Smartz.debug.xcconfig */,
				D609755336FEF13C095B2612 /* Pods-Street Smartz.release.xcconfig */,
			);
			name = Pods;
			sourceTree = "<group>";
		};
/* End PBXGroup section */

/* Begin PBXNativeTarget section */
		56E08E331E5828B000A8925C /* Street Smartz */ = {
			isa = PBXNativeTarget;
			buildConfigurationList = 56E08E461E5828B100A8925C /* Build configuration list for PBXNativeTarget "Street Smartz" */;
			buildPhases = (
				898114BDA62EC9ADFF78B926 /* [CP] Check Pods Manifest.lock */,
				56E08E301E5828B000A8925C /* Sources */,
				56E08E311E5828B000A8925C /* Frameworks */,
				56E08E321E5828B000A8925C /* Resources */,
				D9CDF70E907FFBF8EFE1B622 /* [CP] Embed Pods Frameworks */,
				968A1B378BC7D8967D3E6544 /* [CP] Copy Pods Resources */,
			);
			buildRules = (
			);
			dependencies = (
			);
			name = "Street Smartz";
			productName = "Street Smartz";
			productReference = 56E08E341E5828B100A8925C /* Street Smartz.app */;
			productType = "com.apple.product-type.application";
		};
/* End PBXNativeTarget section */

/* Begin PBXProject section */
		56E08E2C1E5828B000A8925C /* Project object */ = {
			isa = PBXProject;
			attributes = {
				LastSwiftUpdateCheck = 0820;
				LastUpgradeCheck = 0820;
				ORGANIZATIONNAME = "Graws Inc";
				TargetAttributes = {
					56E08E331E5828B000A8925C = {
						CreatedOnToolsVersion = 8.2.1;
						DevelopmentTeam = 8RGYHJQ88C;
						ProvisioningStyle = Automatic;
					};
				};
			};
			buildConfigurationList = 56E08E2F1E5828B000A8925C /* Build configuration list for PBXProject "Street Smartz" */;
			compatibilityVersion = "Xcode 3.2";
			developmentRegion = English;
			hasScannedForEncodings = 0;
			knownRegions = (
				en,
				Base,
			);
			mainGroup = 56E08E2B1E5828B000A8925C;
			productRefGroup = 56E08E351E5828B100A8925C /* Products */;
			projectDirPath = "";
			projectRoot = "";
			targets = (
				56E08E331E5828B000A8925C /* Street Smartz */,
			);
		};
/* End PBXProject section */

/* Begin PBXResourcesBuildPhase section */
		56E08E321E5828B000A8925C /* Resources */ = {
			isa = PBXResourcesBuildPhase;
			buildActionMask = 2147483647;
			files = (
				56E08E421E5828B100A8925C /* LaunchScreen.storyboard in Resources */,
				56E08E3F1E5828B100A8925C /* Assets.xcassets in Resources */,
				56E08E3D1E5828B100A8925C /* Main.storyboard in Resources */,
			);
			runOnlyForDeploymentPostprocessing = 0;
		};
/* End PBXResourcesBuildPhase section */

/* Begin PBXShellScriptBuildPhase section */
		898114BDA62EC9ADFF78B926 /* [CP] Check Pods Manifest.lock */ = {
			isa = PBXShellScriptBuildPhase;
			buildActionMask = 2147483647;
			files = (
			);
			inputPaths = (
			);
			name = "[CP] Check Pods Manifest.lock";
			outputPaths = (
			);
			runOnlyForDeploymentPostprocessing = 0;
			shellPath = /bin/sh;
			shellScript = "diff \"${PODS_ROOT}/../Podfile.lock\" \"${PODS_ROOT}/Manifest.lock\" > /dev/null\nif [ $? != 0 ] ; then\n    # print error to STDERR\n    echo \"error: The sandbox is not in sync with the Podfile.lock. Run 'pod install' or update your CocoaPods installation.\" >&2\n    exit 1\nfi\n";
			showEnvVarsInLog = 0;
		};
		968A1B378BC7D8967D3E6544 /* [CP] Copy Pods Resources */ = {
			isa = PBXShellScriptBuildPhase;
			buildActionMask = 2147483647;
			files = (
			);
			inputPaths = (
			);
			name = "[CP] Copy Pods Resources";
			outputPaths = (
			);
			runOnlyForDeploymentPostprocessing = 0;
			shellPath = /bin/sh;
			shellScript = "\"${SRCROOT}/Pods/Target Support Files/Pods-Street Smartz/Pods-Street Smartz-resources.sh\"\n";
			showEnvVarsInLog = 0;
		};
		D9CDF70E907FFBF8EFE1B622 /* [CP] Embed Pods Frameworks */ = {
			isa = PBXShellScriptBuildPhase;
			buildActionMask = 2147483647;
			files = (
			);
			inputPaths = (
			);
			name = "[CP] Embed Pods Frameworks";
			outputPaths = (
			);
			runOnlyForDeploymentPostprocessing = 0;
			shellPath = /bin/sh;
			shellScript = "\"${SRCROOT}/Pods/Target Support Files/Pods-Street Smartz/Pods-Street Smartz-frameworks.sh\"\n";
			showEnvVarsInLog = 0;
		};
/* End PBXShellScriptBuildPhase section */

/* Begin PBXSourcesBuildPhase section */
		56E08E301E5828B000A8925C /* Sources */ = {
			isa = PBXSourcesBuildPhase;
			buildActionMask = 2147483647;
			files = (
				56B4CA811E58CD380070CDEE /* CrosswalkViewController.swift in Sources */,
				56E08E381E5828B100A8925C /* AppDelegate.swift in Sources */,
				56B4CA7F1E58B2010070CDEE /* HomeViewController.swift in Sources */,
				56B4CA831E58E7070070CDEE /* Extensions.swift in Sources */,
			);
			runOnlyForDeploymentPostprocessing = 0;
		};
/* End PBXSourcesBuildPhase section */

/* Begin PBXVariantGroup section */
		56E08E3B1E5828B100A8925C /* Main.storyboard */ = {
			isa = PBXVariantGroup;
			children = (
				56E08E3C1E5828B100A8925C /* Base */,
			);
			name = Main.storyboard;
			sourceTree = "<group>";
		};
		56E08E401E5828B100A8925C /* LaunchScreen.storyboard */ = {
			isa = PBXVariantGroup;
			children = (
				56E08E411E5828B100A8925C /* Base */,
			);
			name = LaunchScreen.storyboard;
			sourceTree = "<group>";
		};
/* End PBXVariantGroup section */

/* Begin XCBuildConfiguration section */
		56E08E441E5828B100A8925C /* Debug */ = {
			isa = XCBuildConfiguration;
			buildSettings = {
				ALWAYS_SEARCH_USER_PATHS = NO;
				CLANG_ANALYZER_NONNULL = YES;
				CLANG_CXX_LANGUAGE_STANDARD = "gnu++0x";
				CLANG_CXX_LIBRARY = "libc++";
				CLANG_ENABLE_MODULES = YES;
				CLANG_ENABLE_OBJC_ARC = YES;
				CLANG_WARN_BOOL_CONVERSION = YES;
				CLANG_WARN_CONSTANT_CONVERSION = YES;
				CLANG_WARN_DIRECT_OBJC_ISA_USAGE = YES_ERROR;
				CLANG_WARN_DOCUMENTATION_COMMENTS = YES;
				CLANG_WARN_EMPTY_BODY = YES;
				CLANG_WARN_ENUM_CONVERSION = YES;
				CLANG_WARN_INFINITE_RECURSION = YES;
				CLANG_WARN_INT_CONVERSION = YES;
				CLANG_WARN_OBJC_ROOT_CLASS = YES_ERROR;
				CLANG_WARN_SUSPICIOUS_MOVE = YES;
				CLANG_WARN_UNREACHABLE_CODE = YES;
				CLANG_WARN__DUPLICATE_METHOD_MATCH = YES;
				"CODE_SIGN_IDENTITY[sdk=iphoneos*]" = "iPhone Developer";
				COPY_PHASE_STRIP = NO;
				DEBUG_INFORMATION_FORMAT = dwarf;
				ENABLE_STRICT_OBJC_MSGSEND = YES;
				ENABLE_TESTABILITY = YES;
				GCC_C_LANGUAGE_STANDARD = gnu99;
				GCC_DYNAMIC_NO_PIC = NO;
				GCC_NO_COMMON_BLOCKS = YES;
				GCC_OPTIMIZATION_LEVEL = 0;
				GCC_PREPROCESSOR_DEFINITIONS = (
					"DEBUG=1",
					"$(inherited)",
				);
				GCC_WARN_64_TO_32_BIT_CONVERSION = YES;
				GCC_WARN_ABOUT_RETURN_TYPE = YES_ERROR;
				GCC_WARN_UNDECLARED_SELECTOR = YES;
				GCC_WARN_UNINITIALIZED_AUTOS = YES_AGGRESSIVE;
				GCC_WARN_UNUSED_FUNCTION = YES;
				GCC_WARN_UNUSED_VARIABLE = YES;
				IPHONEOS_DEPLOYMENT_TARGET = 10.2;
				MTL_ENABLE_DEBUG_INFO = YES;
				ONLY_ACTIVE_ARCH = YES;
				SDKROOT = iphoneos;
				SWIFT_ACTIVE_COMPILATION_CONDITIONS = DEBUG;
				SWIFT_OPTIMIZATION_LEVEL = "-Onone";
				TARGETED_DEVICE_FAMILY = "1,2";
			};
			name = Debug;
		};
		56E08E451E5828B100A8925C /* Release */ = {
			isa = XCBuildConfiguration;
			buildSettings = {
				ALWAYS_SEARCH_USER_PATHS = NO;
				CLANG_ANALYZER_NONNULL = YES;
				CLANG_CXX_LANGUAGE_STANDARD = "gnu++0x";
				CLANG_CXX_LIBRARY = "libc++";
				CLANG_ENABLE_MODULES = YES;
				CLANG_ENABLE_OBJC_ARC = YES;
				CLANG_WARN_BOOL_CONVERSION = YES;
				CLANG_WARN_CONSTANT_CONVERSION = YES;
				CLANG_WARN_DIRECT_OBJC_ISA_USAGE = YES_ERROR;
				CLANG_WARN_DOCUMENTATION_COMMENTS = YES;
				CLANG_WARN_EMPTY_BODY = YES;
				CLANG_WARN_ENUM_CONVERSION = YES;
				CLANG_WARN_INFINITE_RECURSION = YES;
				CLANG_WARN_INT_CONVERSION = YES;
				CLANG_WARN_OBJC_ROOT_CLASS = YES_ERROR;
				CLANG_WARN_SUSPICIOUS_MOVE = YES;
				CLANG_WARN_UNREACHABLE_CODE = YES;
				CLANG_WARN__DUPLICATE_METHOD_MATCH = YES;
				"CODE_SIGN_IDENTITY[sdk=iphoneos*]" = "iPhone Developer";
				COPY_PHASE_STRIP = NO;
				DEBUG_INFORMATION_FORMAT = "dwarf-with-dsym";
				ENABLE_NS_ASSERTIONS = NO;
				ENABLE_STRICT_OBJC_MSGSEND = YES;
				GCC_C_LANGUAGE_STANDARD = gnu99;
				GCC_NO_COMMON_BLOCKS = YES;
				GCC_WARN_64_TO_32_BIT_CONVERSION = YES;
				GCC_WARN_ABOUT_RETURN_TYPE = YES_ERROR;
				GCC_WARN_UNDECLARED_SELECTOR = YES;
				GCC_WARN_UNINITIALIZED_AUTOS = YES_AGGRESSIVE;
				GCC_WARN_UNUSED_FUNCTION = YES;
				GCC_WARN_UNUSED_VARIABLE = YES;
				IPHONEOS_DEPLOYMENT_TARGET = 10.2;
				MTL_ENABLE_DEBUG_INFO = NO;
				SDKROOT = iphoneos;
				SWIFT_OPTIMIZATION_LEVEL = "-Owholemodule";
				TARGETED_DEVICE_FAMILY = "1,2";
				VALIDATE_PRODUCT = YES;
			};
			name = Release;
		};
		56E08E471E5828B100A8925C /* Debug */ = {
			isa = XCBuildConfiguration;
			baseConfigurationReference = CBA55FFEDA483055E8E85150 /* Pods-Street Smartz.debug.xcconfig */;
			buildSettings = {
				ASSETCATALOG_COMPILER_APPICON_NAME = AppIcon;
				DEVELOPMENT_TEAM = 8RGYHJQ88C;
				INFOPLIST_FILE = "Street Smartz/Info.plist";
				IPHONEOS_DEPLOYMENT_TARGET = 10.1;
				LD_RUNPATH_SEARCH_PATHS = "$(inherited) @executable_path/Frameworks";
				PRODUCT_BUNDLE_IDENTIFIER = "Graws-Inc.Street-Smartz";
				PRODUCT_NAME = "$(TARGET_NAME)";
				SWIFT_VERSION = 3.0;
			};
			name = Debug;
		};
		56E08E481E5828B100A8925C /* Release */ = {
			isa = XCBuildConfiguration;
			baseConfigurationReference = D609755336FEF13C095B2612 /* Pods-Street Smartz.release.xcconfig */;
			buildSettings = {
				ASSETCATALOG_COMPILER_APPICON_NAME = AppIcon;
				DEVELOPMENT_TEAM = 8RGYHJQ88C;
				INFOPLIST_FILE = "Street Smartz/Info.plist";
				IPHONEOS_DEPLOYMENT_TARGET = 10.1;
				LD_RUNPATH_SEARCH_PATHS = "$(inherited) @executable_path/Frameworks";
				PRODUCT_BUNDLE_IDENTIFIER = "Graws-Inc.Street-Smartz";
				PRODUCT_NAME = "$(TARGET_NAME)";
				SWIFT_VERSION = 3.0;
			};
			name = Release;
		};
/* End XCBuildConfiguration section */

/* Begin XCConfigurationList section */
		56E08E2F1E5828B000A8925C /* Build configuration list for PBXProject "Street Smartz" */ = {
			isa = XCConfigurationList;
			buildConfigurations = (
				56E08E441E5828B100A8925C /* Debug */,
				56E08E451E5828B100A8925C /* Release */,
			);
			defaultConfigurationIsVisible = 0;
			defaultConfigurationName = Release;
		};
		56E08E461E5828B100A8925C /* Build configuration list for PBXNativeTarget "Street Smartz" */ = {
			isa = XCConfigurationList;
			buildConfigurations = (
				56E08E471E5828B100A8925C /* Debug */,
				56E08E481E5828B100A8925C /* Release */,
			);
			defaultConfigurationIsVisible = 0;
			defaultConfigurationName = Release;
		};
/* End XCConfigurationList section */
	};
	rootObject = 56E08E2C1E5828B000A8925C /* Project object */;
}
